
Microsoft Visual Studio Solution File, Format Version 12.00
# Visual Studio Version 17
VisualStudioVersion = 17.2.32630.192
MinimumVisualStudioVersion = 10.0.40219.1
Project("{FAE04EC0-301F-11D3-BF4B-00C04F79EFBC}") = "mvvm", "mvvm\mvvm.csproj", "{0E81FE04-860A-4D8F-BDA8-B6317140908E}"
EndProject
Global
	GlobalSection(SolutionConfigurationPlatforms) = preSolution
		Debug|Any CPU = Debug|Any CPU
		Release|Any CPU = Release|Any CPU
	EndGlobalSection
	GlobalSection(ProjectConfigurationPlatforms) = postSolution
		{0E81FE04-860A-4D8F-BDA8-B6317140908E}.Debug|Any CPU.ActiveCfg = Debug|Any CPU
		{0E81FE04-860A-4D8F-BDA8-B6317140908E}.Debug|Any CPU.Build.0 = Debug|Any CPU
		{0E81FE04-860A-4D8F-BDA8-B6317140908E}.Release|Any CPU.ActiveCfg = Release|Any CPU
		{0E81FE04-860A-4D8F-BDA8-B6317140908E}.Release|Any CPU.Build.0 = Release|Any CPU
	EndGlobalSection
	GlobalSection(SolutionProperties) = preSolution
		HideSolutionNode = FALSE
	EndGlobalSection
	GlobalSection(ExtensibilityGlobals) = postSolution
		SolutionGuid = {BEA42CC8-6E21-4917-8560-3C2273F49B65}
	EndGlobalSection
EndGlobal
